
Microsoft Visual Studio Solution File, Format Version 12.00
# Visual Studio 15
VisualStudioVersion = 15.0.28307.271
MinimumVisualStudioVersion = 10.0.40219.1
Project("{888888A0-9F3D-457C-B088-3A5042F75D52}") = "pykedit", "pykedit.pyproj", "{176897EC-223E-4388-AC0D-A531B9087CC8}"
EndProject
Global
	GlobalSection(SolutionConfigurationPlatforms) = preSolution
		Debug|Any CPU = Debug|Any CPU
		Release|Any CPU = Release|Any CPU
	EndGlobalSection
	GlobalSection(ProjectConfigurationPlatforms) = postSolution
		{176897EC-223E-4388-AC0D-A531B9087CC8}.Debug|Any CPU.ActiveCfg = Debug|Any CPU
		{176897EC-223E-4388-AC0D-A531B9087CC8}.Release|Any CPU.ActiveCfg = Release|Any CPU
	EndGlobalSection
	GlobalSection(SolutionProperties) = preSolution
		HideSolutionNode = FALSE
	EndGlobalSection
	GlobalSection(ExtensibilityGlobals) = postSolution
		SolutionGuid = {8C11C7E4-E07D-4B8A-9C6C-62B5CAF55B59}
	EndGlobalSection
EndGlobal
